
Microsoft Visual Studio Solution File, Format Version 12.00
# Visual Studio Version 16
VisualStudioVersion = 16.0.33328.57
MinimumVisualStudioVersion = 10.0.40219.1
Project("{FAE04EC0-301F-11D3-BF4B-00C04F79EFBC}") = "Test_9_PolesUP", "Test_9_PolesUP\Test_9_PolesUP.csproj", "{686EA934-771F-437B-BF5A-18330B4AA05B}"
EndProject
Global
	GlobalSection(SolutionConfigurationPlatforms) = preSolution
		Debug|Any CPU = Debug|Any CPU
		Release|Any CPU = Release|Any CPU
	EndGlobalSection
	GlobalSection(ProjectConfigurationPlatforms) = postSolution
		{686EA934-771F-437B-BF5A-18330B4AA05B}.Debug|Any CPU.ActiveCfg = Debug|Any CPU
		{686EA934-771F-437B-BF5A-18330B4AA05B}.Debug|Any CPU.Build.0 = Debug|Any CPU
		{686EA934-771F-437B-BF5A-18330B4AA05B}.Release|Any CPU.ActiveCfg = Release|Any CPU
		{686EA934-771F-437B-BF5A-18330B4AA05B}.Release|Any CPU.Build.0 = Release|Any CPU
	EndGlobalSection
	GlobalSection(SolutionProperties) = preSolution
		HideSolutionNode = FALSE
	EndGlobalSection
	GlobalSection(ExtensibilityGlobals) = postSolution
		SolutionGuid = {FD99142E-A6D1-4C83-8440-8F3EEDF56EFD}
	EndGlobalSection
EndGlobal
